
Microsoft Visual Studio Solution File, Format Version 12.00
# Visual Studio Version 16
VisualStudioVersion = 16.0.31112.23
MinimumVisualStudioVersion = 10.0.40219.1
Project("{8BC9CEB8-8B4A-11D0-8D11-00A0C91BC942}") = "数组", "数组\数组.vcxproj", "{018DA123-9E0F-478E-9D98-F4A6DE0FC069}"
EndProject
Global
	GlobalSection(SolutionConfigurationPlatforms) = preSolution
		Debug|x64 = Debug|x64
		Debug|x86 = Debug|x86
		Release|x64 = Release|x64
		Release|x86 = Release|x86
	EndGlobalSection
	GlobalSection(ProjectConfigurationPlatforms) = postSolution
		{018DA123-9E0F-478E-9D98-F4A6DE0FC069}.Debug|x64.ActiveCfg = Debug|x64
		{018DA123-9E0F-478E-9D98-F4A6DE0FC069}.Debug|x64.Build.0 = Debug|x64
		{018DA123-9E0F-478E-9D98-F4A6DE0FC069}.Debug|x86.ActiveCfg = Debug|Win32
		{018DA123-9E0F-478E-9D98-F4A6DE0FC069}.Debug|x86.Build.0 = Debug|Win32
		{018DA123-9E0F-478E-9D98-F4A6DE0FC069}.Release|x64.ActiveCfg = Release|x64
		{018DA123-9E0F-478E-9D98-F4A6DE0FC069}.Release|x64.Build.0 = Release|x64
		{018DA123-9E0F-478E-9D98-F4A6DE0FC069}.Release|x86.ActiveCfg = Release|Win32
		{018DA123-9E0F-478E-9D98-F4A6DE0FC069}.Release|x86.Build.0 = Release|Win32
	EndGlobalSection
	GlobalSection(SolutionProperties) = preSolution
		HideSolutionNode = FALSE
	EndGlobalSection
	GlobalSection(ExtensibilityGlobals) = postSolution
		SolutionGuid = {1116D9FC-6C57-4285-97B9-ECE72C8AAE78}
	EndGlobalSection
EndGlobal
